
Microsoft Visual Studio Solution File, Format Version 12.00
# Visual Studio 15
VisualStudioVersion = 15.0.28307.489
MinimumVisualStudioVersion = 10.0.40219.1
Project("{FAE04EC0-301F-11D3-BF4B-00C04F79EFBC}") = "PalindromeUI", "PalindromeUI\PalindromeUI.csproj", "{1C712F8F-BC0F-4D06-BECA-8FB96A2915AE}"
EndProject
Project("{FAE04EC0-301F-11D3-BF4B-00C04F79EFBC}") = "UnitTests", "UnitTests\UnitTests.csproj", "{9EA9D2D8-E922-4AB0-8CB1-168221118989}"
EndProject
Global
	GlobalSection(SolutionConfigurationPlatforms) = preSolution
		Debug|Any CPU = Debug|Any CPU
		Release|Any CPU = Release|Any CPU
	EndGlobalSection
	GlobalSection(ProjectConfigurationPlatforms) = postSolution
		{1C712F8F-BC0F-4D06-BECA-8FB96A2915AE}.Debug|Any CPU.ActiveCfg = Debug|Any CPU
		{1C712F8F-BC0F-4D06-BECA-8FB96A2915AE}.Debug|Any CPU.Build.0 = Debug|Any CPU
		{1C712F8F-BC0F-4D06-BECA-8FB96A2915AE}.Release|Any CPU.ActiveCfg = Release|Any CPU
		{1C712F8F-BC0F-4D06-BECA-8FB96A2915AE}.Release|Any CPU.Build.0 = Release|Any CPU
		{9EA9D2D8-E922-4AB0-8CB1-168221118989}.Debug|Any CPU.ActiveCfg = Debug|Any CPU
		{9EA9D2D8-E922-4AB0-8CB1-168221118989}.Debug|Any CPU.Build.0 = Debug|Any CPU
		{9EA9D2D8-E922-4AB0-8CB1-168221118989}.Release|Any CPU.ActiveCfg = Release|Any CPU
		{9EA9D2D8-E922-4AB0-8CB1-168221118989}.Release|Any CPU.Build.0 = Release|Any CPU
	EndGlobalSection
	GlobalSection(SolutionProperties) = preSolution
		HideSolutionNode = FALSE
	EndGlobalSection
	GlobalSection(ExtensibilityGlobals) = postSolution
		SolutionGuid = {B2513F65-A118-4569-94FA-66436490E3AF}
	EndGlobalSection
EndGlobal
